
Microsoft Visual Studio Solution File, Format Version 12.00
Project("{2150E333-8FDC-42A3-9474-1A3956D46DE8}") = "Simple", "Simple", "{30C1A90A-8FA1-4976-B882-47C079E105DB}"
EndProject
Project("{FAE04EC0-301F-11D3-BF4B-00C04F79EFBC}") = "BackgroundTaskQueue", "src\Simple\BackgroundTaskQueue.csproj", "{6CEE0D91-0A4F-4D49-B673-7B4E7470CD95}"
EndProject
Project("{2150E333-8FDC-42A3-9474-1A3956D46DE8}") = "Advanced", "Advanced", "{81ADED47-5BA6-48EF-80CD-E9057F96749B}"
EndProject
Project("{FAE04EC0-301F-11D3-BF4B-00C04F79EFBC}") = "BackgroundTaskQueue", "src\Advanced\BackgroundTaskQueue\BackgroundTaskQueue.csproj", "{66B6E9CB-5C78-4719-94E9-8E22AA5B1E24}"
EndProject
Global
	GlobalSection(SolutionConfigurationPlatforms) = preSolution
		Debug|Any CPU = Debug|Any CPU
		Release|Any CPU = Release|Any CPU
	EndGlobalSection
	GlobalSection(ProjectConfigurationPlatforms) = postSolution
		{6CEE0D91-0A4F-4D49-B673-7B4E7470CD95}.Debug|Any CPU.ActiveCfg = Debug|Any CPU
		{6CEE0D91-0A4F-4D49-B673-7B4E7470CD95}.Debug|Any CPU.Build.0 = Debug|Any CPU
		{6CEE0D91-0A4F-4D49-B673-7B4E7470CD95}.Release|Any CPU.ActiveCfg = Release|Any CPU
		{6CEE0D91-0A4F-4D49-B673-7B4E7470CD95}.Release|Any CPU.Build.0 = Release|Any CPU
		{66B6E9CB-5C78-4719-94E9-8E22AA5B1E24}.Debug|Any CPU.ActiveCfg = Debug|Any CPU
		{66B6E9CB-5C78-4719-94E9-8E22AA5B1E24}.Debug|Any CPU.Build.0 = Debug|Any CPU
		{66B6E9CB-5C78-4719-94E9-8E22AA5B1E24}.Release|Any CPU.ActiveCfg = Release|Any CPU
		{66B6E9CB-5C78-4719-94E9-8E22AA5B1E24}.Release|Any CPU.Build.0 = Release|Any CPU
	EndGlobalSection
	GlobalSection(NestedProjects) = preSolution
		{6CEE0D91-0A4F-4D49-B673-7B4E7470CD95} = {30C1A90A-8FA1-4976-B882-47C079E105DB}
		{66B6E9CB-5C78-4719-94E9-8E22AA5B1E24} = {81ADED47-5BA6-48EF-80CD-E9057F96749B}
	EndGlobalSection
EndGlobal
